
Microsoft Visual Studio Solution File, Format Version 12.00
# Blend for Visual Studio Version 16
VisualStudioVersion = 16.0.31515.178
MinimumVisualStudioVersion = 10.0.40219.1
Project("{FAE04EC0-301F-11D3-BF4B-00C04F79EFBC}") = "WpfAppLoginPageAnimation", "WpfAppLoginPageAnimation\WpfAppLoginPageAnimation.csproj", "{B54F1397-3772-4D3A-AFBB-2B2CBF84D87F}"
EndProject
Global
	GlobalSection(SolutionConfigurationPlatforms) = preSolution
		Debug|Any CPU = Debug|Any CPU
		Release|Any CPU = Release|Any CPU
	EndGlobalSection
	GlobalSection(ProjectConfigurationPlatforms) = postSolution
		{B54F1397-3772-4D3A-AFBB-2B2CBF84D87F}.Debug|Any CPU.ActiveCfg = Debug|Any CPU
		{B54F1397-3772-4D3A-AFBB-2B2CBF84D87F}.Debug|Any CPU.Build.0 = Debug|Any CPU
		{B54F1397-3772-4D3A-AFBB-2B2CBF84D87F}.Release|Any CPU.ActiveCfg = Release|Any CPU
		{B54F1397-3772-4D3A-AFBB-2B2CBF84D87F}.Release|Any CPU.Build.0 = Release|Any CPU
	EndGlobalSection
	GlobalSection(SolutionProperties) = preSolution
		HideSolutionNode = FALSE
	EndGlobalSection
	GlobalSection(ExtensibilityGlobals) = postSolution
		SolutionGuid = {F052B028-7243-49E0-A4AB-80D1A488070A}
	EndGlobalSection
EndGlobal
